// !$*UTF8*$!
{
	archiveVersion = 1;
	classes = {
	};
	objectVersion = 55;
	objects = {

/* Begin PBXBuildFile section */
		BD117CCE28B3042400A103FA /* Alamofire in Frameworks */ = {isa = PBXBuildFile; productRef = BD117CCD28B3042400A103FA /* Alamofire */; };
		BD117CD128B3043200A103FA /* Kingfisher in Frameworks */ = {isa = PBXBuildFile; productRef = BD117CD028B3043200A103FA /* Kingfisher */; };
		BD117CD428B304A400A103FA /* SwiftyJSON in Frameworks */ = {isa = PBXBuildFile; productRef = BD117CD328B304A400A103FA /* SwiftyJSON */; };
		BD117CD728B3056000A103FA /* PhotoAPIManager.swift in Sources */ = {isa = PBXBuildFile; fileRef = BD117CD628B3056000A103FA /* PhotoAPIManager.swift */; };
		BD117CDC28B3072E00A103FA /* SwiftyJSON in Frameworks */ = {isa = PBXBuildFile; productRef = BD117CDB28B3072E00A103FA /* SwiftyJSON */; };
		BD117CDE28B3074800A103FA /* Alamofire in Frameworks */ = {isa = PBXBuildFile; productRef = BD117CDD28B3074800A103FA /* Alamofire */; };
		BD117D0828B3C83900A103FA /* WriteView.swift in Sources */ = {isa = PBXBuildFile; fileRef = BD117D0728B3C83900A103FA /* WriteView.swift */; };
		BD117D0A28B3C84000A103FA /* WriteViewController.swift in Sources */ = {isa = PBXBuildFile; fileRef = BD117D0928B3C84000A103FA /* WriteViewController.swift */; };
		BD117D0D28B3EE8800A103FA /* Realm in Frameworks */ = {isa = PBXBuildFile; productRef = BD117D0C28B3EE8800A103FA /* Realm */; };
		BD117D0F28B3EE8800A103FA /* RealmSwift in Frameworks */ = {isa = PBXBuildFile; productRef = BD117D0E28B3EE8800A103FA /* RealmSwift */; };
		BD117D1328B3EF9100A103FA /* Diary.swift in Sources */ = {isa = PBXBuildFile; fileRef = BD117D1228B3EF9100A103FA /* Diary.swift */; };
		BD117D1628B3F55C00A103FA /* UIViewController+.swift in Sources */ = {isa = PBXBuildFile; fileRef = BD117D1528B3F55C00A103FA /* UIViewController+.swift */; };
		BD117D1B28B4554300A103FA /* ListView.swift in Sources */ = {isa = PBXBuildFile; fileRef = BD117D1A28B4554300A103FA /* ListView.swift */; };
		BD117D1D28B4554A00A103FA /* ListViewController.swift in Sources */ = {isa = PBXBuildFile; fileRef = BD117D1C28B4554A00A103FA /* ListViewController.swift */; };
		BD117D2028B4615D00A103FA /* DiaryCell.swift in Sources */ = {isa = PBXBuildFile; fileRef = BD117D1F28B4615D00A103FA /* DiaryCell.swift */; };
		BD14BCD028B283A500D8C29C /* PhotoSearchViewController.swift in Sources */ = {isa = PBXBuildFile; fileRef = BD14BCCF28B283A500D8C29C /* PhotoSearchViewController.swift */; };
		BD14BCD228B2842100D8C29C /* PhotoSearchView.swift in Sources */ = {isa = PBXBuildFile; fileRef = BD14BCD128B2842100D8C29C /* PhotoSearchView.swift */; };
		BD14BCDB28B2847A00D8C29C /* DDAK_Core.h in Headers */ = {isa = PBXBuildFile; fileRef = BD14BCDA28B2847A00D8C29C /* DDAK_Core.h */; settings = {ATTRIBUTES = (Public, ); }; };
		BD14BCDE28B2847A00D8C29C /* DDAK_Core.framework in Frameworks */ = {isa = PBXBuildFile; fileRef = BD14BCD828B2847A00D8C29C /* DDAK_Core.framework */; };
		BD14BCE028B2847A00D8C29C /* DDAK_Core.framework in Embed Frameworks */ = {isa = PBXBuildFile; fileRef = BD14BCD828B2847A00D8C29C /* DDAK_Core.framework */; settings = {ATTRIBUTES = (CodeSignOnCopy, RemoveHeadersOnCopy, ); }; };
		BD14BCE628B284A500D8C29C /* BaseView.swift in Sources */ = {isa = PBXBuildFile; fileRef = BD14BCE528B284A500D8C29C /* BaseView.swift */; };
		BD14BCE828B284AB00D8C29C /* BaseViewController.swift in Sources */ = {isa = PBXBuildFile; fileRef = BD14BCE728B284AB00D8C29C /* BaseViewController.swift */; };
		BD14BCEA28B2852A00D8C29C /* Logger.swift in Sources */ = {isa = PBXBuildFile; fileRef = BD14BCE928B2852A00D8C29C /* Logger.swift */; };
		BD14BCED28B2854300D8C29C /* String+.swift in Sources */ = {isa = PBXBuildFile; fileRef = BD14BCEC28B2854300D8C29C /* String+.swift */; };
		BD14BCF028B289DD00D8C29C /* UIView+.swift in Sources */ = {isa = PBXBuildFile; fileRef = BD14BCEF28B289DD00D8C29C /* UIView+.swift */; };
		BD14BCF228B28D7A00D8C29C /* PhotoCell.swift in Sources */ = {isa = PBXBuildFile; fileRef = BD14BCF128B28D7A00D8C29C /* PhotoCell.swift */; };
		BD14BCF528B28DCF00D8C29C /* Reusable.swift in Sources */ = {isa = PBXBuildFile; fileRef = BD14BCF428B28DCF00D8C29C /* Reusable.swift */; };
		BD14BCF728B28E4F00D8C29C /* BaseCollectionViewCell.swift in Sources */ = {isa = PBXBuildFile; fileRef = BD14BCF628B28E4F00D8C29C /* BaseCollectionViewCell.swift */; };
		BD14BCF928B28E5600D8C29C /* BaseTableViewCell.swift in Sources */ = {isa = PBXBuildFile; fileRef = BD14BCF828B28E5600D8C29C /* BaseTableViewCell.swift */; };
		BD14BD0328B29E0200D8C29C /* DDAK_Network.h in Headers */ = {isa = PBXBuildFile; fileRef = BD14BD0228B29E0200D8C29C /* DDAK_Network.h */; settings = {ATTRIBUTES = (Public, ); }; };
		BD14BD0628B29E0200D8C29C /* DDAK_Network.framework in Frameworks */ = {isa = PBXBuildFile; fileRef = BD14BD0028B29E0200D8C29C /* DDAK_Network.framework */; };
		BD14BD0728B29E0200D8C29C /* DDAK_Network.framework in Embed Frameworks */ = {isa = PBXBuildFile; fileRef = BD14BD0028B29E0200D8C29C /* DDAK_Network.framework */; settings = {ATTRIBUTES = (CodeSignOnCopy, RemoveHeadersOnCopy, ); }; };
		BD14BD0D28B29ECA00D8C29C /* NetworkEnvironment.swift in Sources */ = {isa = PBXBuildFile; fileRef = BD14BD0C28B29ECA00D8C29C /* NetworkEnvironment.swift */; };
		BD14BD1128B2A01400D8C29C /* EndPoint.swift in Sources */ = {isa = PBXBuildFile; fileRef = BD14BD1028B2A01400D8C29C /* EndPoint.swift */; };
		BD14BD1428B2A36500D8C29C /* APIKeys.swift in Sources */ = {isa = PBXBuildFile; fileRef = BD14BD1328B2A36500D8C29C /* APIKeys.swift */; };
		BD3D167C28B6786600C24BA2 /* SettingViewController.swift in Sources */ = {isa = PBXBuildFile; fileRef = BD3D167B28B6786600C24BA2 /* SettingViewController.swift */; };
		BD3D167E28B6787A00C24BA2 /* SettingView.swift in Sources */ = {isa = PBXBuildFile; fileRef = BD3D167D28B6787A00C24BA2 /* SettingView.swift */; };
		BD54CC6628BB9792006C737F /* SearchViewController.swift in Sources */ = {isa = PBXBuildFile; fileRef = BD54CC6528BB9792006C737F /* SearchViewController.swift */; };
		BD54CC6928BB979B006C737F /* SearchView.swift in Sources */ = {isa = PBXBuildFile; fileRef = BD54CC6828BB979B006C737F /* SearchView.swift */; };
		BDA5FD9028FEB59E00B4E3DD /* DDAK.docc in Sources */ = {isa = PBXBuildFile; fileRef = BDA5FD8F28FEB59E00B4E3DD /* DDAK.docc */; };
		BDB2F11328BB46B00076BA39 /* MainTabBarController.swift in Sources */ = {isa = PBXBuildFile; fileRef = BDB2F11228BB46B00076BA39 /* MainTabBarController.swift */; };
		BDB2F11528BB47320076BA39 /* TabBarItem.swift in Sources */ = {isa = PBXBuildFile; fileRef = BDB2F11428BB47320076BA39 /* TabBarItem.swift */; };
		BDCEFB9C28B13BB100EE0439 /* AppDelegate.swift in Sources */ = {isa = PBXBuildFile; fileRef = BDCEFB9B28B13BB100EE0439 /* AppDelegate.swift */; };
		BDCEFB9E28B13BB100EE0439 /* SceneDelegate.swift in Sources */ = {isa = PBXBuildFile; fileRef = BDCEFB9D28B13BB100EE0439 /* SceneDelegate.swift */; };
		BDCEFBA528B13BB300EE0439 /* Assets.xcassets in Resources */ = {isa = PBXBuildFile; fileRef = BDCEFBA428B13BB300EE0439 /* Assets.xcassets */; };
		BDCEFBA828B13BB300EE0439 /* LaunchScreen.storyboard in Resources */ = {isa = PBXBuildFile; fileRef = BDCEFBA628B13BB300EE0439 /* LaunchScreen.storyboard */; };
		BDCEFBB528B1400200EE0439 /* SnapKit in Frameworks */ = {isa = PBXBuildFile; productRef = BDCEFBB428B1400200EE0439 /* SnapKit */; };
		BDCEFBB828B1400F00EE0439 /* Then in Frameworks */ = {isa = PBXBuildFile; productRef = BDCEFBB728B1400F00EE0439 /* Then */; };
		BDCEFBBB28B1401F00EE0439 /* ReactorKit in Frameworks */ = {isa = PBXBuildFile; productRef = BDCEFBBA28B1401F00EE0439 /* ReactorKit */; };
		BDCEFBBE28B140E400EE0439 /* RxCocoa in Frameworks */ = {isa = PBXBuildFile; productRef = BDCEFBBD28B140E400EE0439 /* RxCocoa */; };
		BDE58C5728B855A30059DF0A /* DiaryRepository.swift in Sources */ = {isa = PBXBuildFile; fileRef = BDE58C5628B855A30059DF0A /* DiaryRepository.swift */; };
		BDE58C5A28B863EB0059DF0A /* FSCalendar in Frameworks */ = {isa = PBXBuildFile; productRef = BDE58C5928B863EB0059DF0A /* FSCalendar */; };
		BDF2E58928B7016F008EF3BA /* Zip in Frameworks */ = {isa = PBXBuildFile; productRef = BDF2E58828B7016F008EF3BA /* Zip */; };
		BDF5576F28B4ECB400017349 /* GamjaFlower-Regular.ttf in Resources */ = {isa = PBXBuildFile; fileRef = BDF5576E28B4ECB400017349 /* GamjaFlower-Regular.ttf */; };
		BDF5577128B4FE2100017349 /* Then in Frameworks */ = {isa = PBXBuildFile; productRef = BDF5577028B4FE2100017349 /* Then */; };
/* End PBXBuildFile section */

/* Begin PBXContainerItemProxy section */
		BD14BCDC28B2847A00D8C29C /* PBXContainerItemProxy */ = {
			isa = PBXContainerItemProxy;
			containerPortal = BDCEFB9028B13BB100EE0439 /* Project object */;
			proxyType = 1;
			remoteGlobalIDString = BD14BCD728B2847A00D8C29C;
			remoteInfo = "DDAK-Core";
		};
		BD14BD0428B29E0200D8C29C /* PBXContainerItemProxy */ = {
			isa = PBXContainerItemProxy;
			containerPortal = BDCEFB9028B13BB100EE0439 /* Project object */;
			proxyType = 1;
			remoteGlobalIDString = BD14BCFF28B29E0200D8C29C;
			remoteInfo = "DDAK-Network";
		};
/* End PBXContainerItemProxy section */

/* Begin PBXCopyFilesBuildPhase section */
		BD14BCDF28B2847A00D8C29C /* Embed Frameworks */ = {
			isa = PBXCopyFilesBuildPhase;
			buildActionMask = 2147483647;
			dstPath = "";
			dstSubfolderSpec = 10;
			files = (
				BD14BCE028B2847A00D8C29C /* DDAK_Core.framework in Embed Frameworks */,
				BD14BD0728B29E0200D8C29C /* DDAK_Network.framework in Embed Frameworks */,
			);
			name = "Embed Frameworks";
			runOnlyForDeploymentPostprocessing = 0;
		};
/* End PBXCopyFilesBuildPhase section */

/* Begin PBXFileReference section */
		BD117CD628B3056000A103FA /* PhotoAPIManager.swift */ = {isa = PBXFileReference; lastKnownFileType = sourcecode.swift; path = PhotoAPIManager.swift; sourceTree = "<group>"; };
		BD117D0728B3C83900A103FA /* WriteView.swift */ = {isa = PBXFileReference; lastKnownFileType = sourcecode.swift; path = WriteView.swift; sourceTree = "<group>"; };
		BD117D0928B3C84000A103FA /* WriteViewController.swift */ = {isa = PBXFileReference; lastKnownFileType = sourcecode.swift; path = WriteViewController.swift; sourceTree = "<group>"; };
		BD117D1228B3EF9100A103FA /* Diary.swift */ = {isa = PBXFileReference; lastKnownFileType = sourcecode.swift; path = Diary.swift; sourceTree = "<group>"; };
		BD117D1528B3F55C00A103FA /* UIViewController+.swift */ = {isa = PBXFileReference; lastKnownFileType = sourcecode.swift; path = "UIViewController+.swift"; sourceTree = "<group>"; };
		BD117D1A28B4554300A103FA /* ListView.swift */ = {isa = PBXFileReference; lastKnownFileType = sourcecode.swift; path = ListView.swift; sourceTree = "<group>"; };
		BD117D1C28B4554A00A103FA /* ListViewController.swift */ = {isa = PBXFileReference; lastKnownFileType = sourcecode.swift; path = ListViewController.swift; sourceTree = "<group>"; };
		BD117D1F28B4615D00A103FA /* DiaryCell.swift */ = {isa = PBXFileReference; lastKnownFileType = sourcecode.swift; path = DiaryCell.swift; sourceTree = "<group>"; };
		BD14BCCF28B283A500D8C29C /* PhotoSearchViewController.swift */ = {isa = PBXFileReference; lastKnownFileType = sourcecode.swift; path = PhotoSearchViewController.swift; sourceTree = "<group>"; };
		BD14BCD128B2842100D8C29C /* PhotoSearchView.swift */ = {isa = PBXFileReference; lastKnownFileType = sourcecode.swift; path = PhotoSearchView.swift; sourceTree = "<group>"; };
		BD14BCD828B2847A00D8C29C /* DDAK_Core.framework */ = {isa = PBXFileReference; explicitFileType = wrapper.framework; includeInIndex = 0; path = DDAK_Core.framework; sourceTree = BUILT_PRODUCTS_DIR; };
		BD14BCDA28B2847A00D8C29C /* DDAK_Core.h */ = {isa = PBXFileReference; lastKnownFileType = sourcecode.c.h; path = DDAK_Core.h; sourceTree = "<group>"; };
		BD14BCE528B284A500D8C29C /* BaseView.swift */ = {isa = PBXFileReference; lastKnownFileType = sourcecode.swift; path = BaseView.swift; sourceTree = "<group>"; };
		BD14BCE728B284AB00D8C29C /* BaseViewController.swift */ = {isa = PBXFileReference; lastKnownFileType = sourcecode.swift; path = BaseViewController.swift; sourceTree = "<group>"; };
		BD14BCE928B2852A00D8C29C /* Logger.swift */ = {isa = PBXFileReference; lastKnownFileType = sourcecode.swift; path = Logger.swift; sourceTree = "<group>"; };
		BD14BCEC28B2854300D8C29C /* String+.swift */ = {isa = PBXFileReference; lastKnownFileType = sourcecode.swift; path = "String+.swift"; sourceTree = "<group>"; };
		BD14BCEF28B289DD00D8C29C /* UIView+.swift */ = {isa = PBXFileReference; lastKnownFileType = sourcecode.swift; path = "UIView+.swift"; sourceTree = "<group>"; };
		BD14BCF128B28D7A00D8C29C /* PhotoCell.swift */ = {isa = PBXFileReference; lastKnownFileType = sourcecode.swift; path = PhotoCell.swift; sourceTree = "<group>"; };
		BD14BCF428B28DCF00D8C29C /* Reusable.swift */ = {isa = PBXFileReference; lastKnownFileType = sourcecode.swift; path = Reusable.swift; sourceTree = "<group>"; };
		BD14BCF628B28E4F00D8C29C /* BaseCollectionViewCell.swift */ = {isa = PBXFileReference; lastKnownFileType = sourcecode.swift; path = BaseCollectionViewCell.swift; sourceTree = "<group>"; };
		BD14BCF828B28E5600D8C29C /* BaseTableViewCell.swift */ = {isa = PBXFileReference; lastKnownFileType = sourcecode.swift; path = BaseTableViewCell.swift; sourceTree = "<group>"; };
		BD14BD0028B29E0200D8C29C /* DDAK_Network.framework */ = {isa = PBXFileReference; explicitFileType = wrapper.framework; includeInIndex = 0; path = DDAK_Network.framework; sourceTree = BUILT_PRODUCTS_DIR; };
		BD14BD0228B29E0200D8C29C /* DDAK_Network.h */ = {isa = PBXFileReference; lastKnownFileType = sourcecode.c.h; path = DDAK_Network.h; sourceTree = "<group>"; };
		BD14BD0C28B29ECA00D8C29C /* NetworkEnvironment.swift */ = {isa = PBXFileReference; lastKnownFileType = sourcecode.swift; path = NetworkEnvironment.swift; sourceTree = "<group>"; };
		BD14BD1028B2A01400D8C29C /* EndPoint.swift */ = {isa = PBXFileReference; lastKnownFileType = sourcecode.swift; path = EndPoint.swift; sourceTree = "<group>"; };
		BD14BD1328B2A36500D8C29C /* APIKeys.swift */ = {isa = PBXFileReference; lastKnownFileType = sourcecode.swift; path = APIKeys.swift; sourceTree = "<group>"; };
		BD3D167B28B6786600C24BA2 /* SettingViewController.swift */ = {isa = PBXFileReference; lastKnownFileType = sourcecode.swift; path = SettingViewController.swift; sourceTree = "<group>"; };
		BD3D167D28B6787A00C24BA2 /* SettingView.swift */ = {isa = PBXFileReference; lastKnownFileType = sourcecode.swift; path = SettingView.swift; sourceTree = "<group>"; };
		BD54CC6528BB9792006C737F /* SearchViewController.swift */ = {isa = PBXFileReference; lastKnownFileType = sourcecode.swift; path = SearchViewController.swift; sourceTree = "<group>"; };
		BD54CC6828BB979B006C737F /* SearchView.swift */ = {isa = PBXFileReference; lastKnownFileType = sourcecode.swift; path = SearchView.swift; sourceTree = "<group>"; };
		BDA5FD8F28FEB59E00B4E3DD /* DDAK.docc */ = {isa = PBXFileReference; lastKnownFileType = folder.documentationcatalog; path = DDAK.docc; sourceTree = "<group>"; };
		BDB2F11228BB46B00076BA39 /* MainTabBarController.swift */ = {isa = PBXFileReference; lastKnownFileType = sourcecode.swift; path = MainTabBarController.swift; sourceTree = "<group>"; };
		BDB2F11428BB47320076BA39 /* TabBarItem.swift */ = {isa = PBXFileReference; lastKnownFileType = sourcecode.swift; path = TabBarItem.swift; sourceTree = "<group>"; };
		BDCEFB9828B13BB100EE0439 /* DDAK.app */ = {isa = PBXFileReference; explicitFileType = wrapper.application; includeInIndex = 0; path = DDAK.app; sourceTree = BUILT_PRODUCTS_DIR; };
		BDCEFB9B28B13BB100EE0439 /* AppDelegate.swift */ = {isa = PBXFileReference; lastKnownFileType = sourcecode.swift; path = AppDelegate.swift; sourceTree = "<group>"; };
		BDCEFB9D28B13BB100EE0439 /* SceneDelegate.swift */ = {isa = PBXFileReference; lastKnownFileType = sourcecode.swift; path = SceneDelegate.swift; sourceTree = "<group>"; };
		BDCEFBA428B13BB300EE0439 /* Assets.xcassets */ = {isa = PBXFileReference; lastKnownFileType = folder.assetcatalog; path = Assets.xcassets; sourceTree = "<group>"; };
		BDCEFBA728B13BB300EE0439 /* Base */ = {isa = PBXFileReference; lastKnownFileType = file.storyboard; name = Base; path = Base.lproj/LaunchScreen.storyboard; sourceTree = "<group>"; };
		BDCEFBA928B13BB300EE0439 /* Info.plist */ = {isa = PBXFileReference; lastKnownFileType = text.plist.xml; path = Info.plist; sourceTree = "<group>"; };
		BDE58C5628B855A30059DF0A /* DiaryRepository.swift */ = {isa = PBXFileReference; lastKnownFileType = sourcecode.swift; path = DiaryRepository.swift; sourceTree = "<group>"; };
		BDF5576E28B4ECB400017349 /* GamjaFlower-Regular.ttf */ = {isa = PBXFileReference; lastKnownFileType = file; path = "GamjaFlower-Regular.ttf"; sourceTree = "<group>"; };
/* End PBXFileReference section */

/* Begin PBXFrameworksBuildPhase section */
		BD14BCD528B2847A00D8C29C /* Frameworks */ = {
			isa = PBXFrameworksBuildPhase;
			buildActionMask = 2147483647;
			files = (
				BDF5577128B4FE2100017349 /* Then in Frameworks */,
			);
			runOnlyForDeploymentPostprocessing = 0;
		};
		BD14BCFD28B29E0200D8C29C /* Frameworks */ = {
			isa = PBXFrameworksBuildPhase;
			buildActionMask = 2147483647;
			files = (
				BD117CDC28B3072E00A103FA /* SwiftyJSON in Frameworks */,
				BD117CDE28B3074800A103FA /* Alamofire in Frameworks */,
			);
			runOnlyForDeploymentPostprocessing = 0;
		};
		BDCEFB9528B13BB100EE0439 /* Frameworks */ = {
			isa = PBXFrameworksBuildPhase;
			buildActionMask = 2147483647;
			files = (
				BD117CD428B304A400A103FA /* SwiftyJSON in Frameworks */,
				BDE58C5A28B863EB0059DF0A /* FSCalendar in Frameworks */,
				BDCEFBB528B1400200EE0439 /* SnapKit in Frameworks */,
				BD117CCE28B3042400A103FA /* Alamofire in Frameworks */,
				BD14BCDE28B2847A00D8C29C /* DDAK_Core.framework in Frameworks */,
				BD117D0D28B3EE8800A103FA /* Realm in Frameworks */,
				BDCEFBBB28B1401F00EE0439 /* ReactorKit in Frameworks */,
				BDF2E58928B7016F008EF3BA /* Zip in Frameworks */,
				BD117CD128B3043200A103FA /* Kingfisher in Frameworks */,
				BDCEFBBE28B140E400EE0439 /* RxCocoa in Frameworks */,
				BD117D0F28B3EE8800A103FA /* RealmSwift in Frameworks */,
				BDCEFBB828B1400F00EE0439 /* Then in Frameworks */,
				BD14BD0628B29E0200D8C29C /* DDAK_Network.framework in Frameworks */,
			);
			runOnlyForDeploymentPostprocessing = 0;
		};
/* End PBXFrameworksBuildPhase section */

/* Begin PBXGroup section */
		BD117CD528B3053300A103FA /* Manager */ = {
			isa = PBXGroup;
			children = (
				BD117CD628B3056000A103FA /* PhotoAPIManager.swift */,
			);
			path = Manager;
			sourceTree = "<group>";
		};
		BD117CD828B3072400A103FA /* Frameworks */ = {
			isa = PBXGroup;
			children = (
			);
			name = Frameworks;
			sourceTree = "<group>";
		};
		BD117D0528B3C81D00A103FA /* Write */ = {
			isa = PBXGroup;
			children = (
				BD117D0628B3C82B00A103FA /* View */,
				BD117D0928B3C84000A103FA /* WriteViewController.swift */,
			);
			path = Write;
			sourceTree = "<group>";
		};
		BD117D0628B3C82B00A103FA /* View */ = {
			isa = PBXGroup;
			children = (
				BD117D0728B3C83900A103FA /* WriteView.swift */,
			);
			path = View;
			sourceTree = "<group>";
		};
		BD117D1028B3EF4E00A103FA /* Domain */ = {
			isa = PBXGroup;
			children = (
				BD117D1128B3EF5B00A103FA /* Write */,
			);
			path = Domain;
			sourceTree = "<group>";
		};
		BD117D1128B3EF5B00A103FA /* Write */ = {
			isa = PBXGroup;
			children = (
				BD117D1228B3EF9100A103FA /* Diary.swift */,
				BDE58C5628B855A30059DF0A /* DiaryRepository.swift */,
			);
			path = Write;
			sourceTree = "<group>";
		};
		BD117D1828B4553800A103FA /* List */ = {
			isa = PBXGroup;
			children = (
				BD117D1928B4553C00A103FA /* View */,
				BD117D1C28B4554A00A103FA /* ListViewController.swift */,
			);
			path = List;
			sourceTree = "<group>";
		};
		BD117D1928B4553C00A103FA /* View */ = {
			isa = PBXGroup;
			children = (
				BD117D1A28B4554300A103FA /* ListView.swift */,
				BD117D1F28B4615D00A103FA /* DiaryCell.swift */,
			);
			path = View;
			sourceTree = "<group>";
		};
		BD14BCCB28B2834600D8C29C /* Photo Search */ = {
			isa = PBXGroup;
			children = (
				BD14BCCE28B2838700D8C29C /* View */,
				BD14BCCF28B283A500D8C29C /* PhotoSearchViewController.swift */,
			);
			path = "Photo Search";
			sourceTree = "<group>";
		};
		BD14BCCE28B2838700D8C29C /* View */ = {
			isa = PBXGroup;
			children = (
				BD14BCD128B2842100D8C29C /* PhotoSearchView.swift */,
				BD14BCF128B28D7A00D8C29C /* PhotoCell.swift */,
			);
			path = View;
			sourceTree = "<group>";
		};
		BD14BCD928B2847A00D8C29C /* DDAK-Core */ = {
			isa = PBXGroup;
			children = (
				BD14BCF328B28DC400D8C29C /* Protocol */,
				BD14BCEE28B289D300D8C29C /* UIKit */,
				BD14BCEB28B2853B00D8C29C /* Foundation */,
				BD14BCE428B2848400D8C29C /* Base */,
				BD14BCDA28B2847A00D8C29C /* DDAK_Core.h */,
				BD14BCE928B2852A00D8C29C /* Logger.swift */,
			);
			path = "DDAK-Core";
			sourceTree = "<group>";
		};
		BD14BCE428B2848400D8C29C /* Base */ = {
			isa = PBXGroup;
			children = (
				BD14BCE528B284A500D8C29C /* BaseView.swift */,
				BD14BCE728B284AB00D8C29C /* BaseViewController.swift */,
				BD14BCF628B28E4F00D8C29C /* BaseCollectionViewCell.swift */,
				BD14BCF828B28E5600D8C29C /* BaseTableViewCell.swift */,
			);
			path = Base;
			sourceTree = "<group>";
		};
		BD14BCEB28B2853B00D8C29C /* Foundation */ = {
			isa = PBXGroup;
			children = (
				BD14BCEC28B2854300D8C29C /* String+.swift */,
			);
			path = Foundation;
			sourceTree = "<group>";
		};
		BD14BCEE28B289D300D8C29C /* UIKit */ = {
			isa = PBXGroup;
			children = (
				BD14BCEF28B289DD00D8C29C /* UIView+.swift */,
				BD117D1528B3F55C00A103FA /* UIViewController+.swift */,
			);
			path = UIKit;
			sourceTree = "<group>";
		};
		BD14BCF328B28DC400D8C29C /* Protocol */ = {
			isa = PBXGroup;
			children = (
				BD14BCF428B28DCF00D8C29C /* Reusable.swift */,
			);
			path = Protocol;
			sourceTree = "<group>";
		};
		BD14BD0128B29E0200D8C29C /* DDAK-Network */ = {
			isa = PBXGroup;
			children = (
				BD117CD528B3053300A103FA /* Manager */,
				BD14BD1228B2A34D00D8C29C /* Secrets */,
				BD14BD0B28B29EA300D8C29C /* Foundation */,
				BD14BD0228B29E0200D8C29C /* DDAK_Network.h */,
			);
			path = "DDAK-Network";
			sourceTree = "<group>";
		};
		BD14BD0B28B29EA300D8C29C /* Foundation */ = {
			isa = PBXGroup;
			children = (
				BD14BD0C28B29ECA00D8C29C /* NetworkEnvironment.swift */,
				BD14BD1028B2A01400D8C29C /* EndPoint.swift */,
			);
			path = Foundation;
			sourceTree = "<group>";
		};
		BD14BD1228B2A34D00D8C29C /* Secrets */ = {
			isa = PBXGroup;
			children = (
				BD14BD1328B2A36500D8C29C /* APIKeys.swift */,
			);
			path = Secrets;
			sourceTree = "<group>";
		};
		BD3D167928B6785600C24BA2 /* Setting */ = {
			isa = PBXGroup;
			children = (
				BD3D167A28B6785D00C24BA2 /* View */,
				BD3D167B28B6786600C24BA2 /* SettingViewController.swift */,
			);
			path = Setting;
			sourceTree = "<group>";
		};
		BD3D167A28B6785D00C24BA2 /* View */ = {
			isa = PBXGroup;
			children = (
				BD3D167D28B6787A00C24BA2 /* SettingView.swift */,
			);
			path = View;
			sourceTree = "<group>";
		};
		BD54CC6428BB9788006C737F /* Search */ = {
			isa = PBXGroup;
			children = (
				BD54CC6728BB9794006C737F /* View */,
				BD54CC6528BB9792006C737F /* SearchViewController.swift */,
			);
			path = Search;
			sourceTree = "<group>";
		};
		BD54CC6728BB9794006C737F /* View */ = {
			isa = PBXGroup;
			children = (
				BD54CC6828BB979B006C737F /* SearchView.swift */,
			);
			path = View;
			sourceTree = "<group>";
		};
		BDB2F11128BB46A20076BA39 /* TabBar */ = {
			isa = PBXGroup;
			children = (
				BDB2F11228BB46B00076BA39 /* MainTabBarController.swift */,
				BDB2F11428BB47320076BA39 /* TabBarItem.swift */,
			);
			path = TabBar;
			sourceTree = "<group>";
		};
		BDCEFB8F28B13BB100EE0439 = {
			isa = PBXGroup;
			children = (
				BDCEFB9A28B13BB100EE0439 /* DDAK */,
				BD14BCD928B2847A00D8C29C /* DDAK-Core */,
				BD14BD0128B29E0200D8C29C /* DDAK-Network */,
				BDCEFB9928B13BB100EE0439 /* Products */,
				BD117CD828B3072400A103FA /* Frameworks */,
			);
			sourceTree = "<group>";
		};
		BDCEFB9928B13BB100EE0439 /* Products */ = {
			isa = PBXGroup;
			children = (
				BDCEFB9828B13BB100EE0439 /* DDAK.app */,
				BD14BCD828B2847A00D8C29C /* DDAK_Core.framework */,
				BD14BD0028B29E0200D8C29C /* DDAK_Network.framework */,
			);
			name = Products;
			sourceTree = "<group>";
		};
		BDCEFB9A28B13BB100EE0439 /* DDAK */ = {
			isa = PBXGroup;
			children = (
				BDCEFBAF28B13E6F00EE0439 /* Application */,
				BDCEFBB128B13EAC00EE0439 /* Configuration */,
				BD117D1028B3EF4E00A103FA /* Domain */,
				BDCEFBB228B13F9A00EE0439 /* Presentation */,
				BDCEFBB028B13E9500EE0439 /* Resource */,
				BDA5FD8F28FEB59E00B4E3DD /* DDAK.docc */,
			);
			path = DDAK;
			sourceTree = "<group>";
		};
		BDCEFBAF28B13E6F00EE0439 /* Application */ = {
			isa = PBXGroup;
			children = (
				BDCEFB9B28B13BB100EE0439 /* AppDelegate.swift */,
				BDCEFB9D28B13BB100EE0439 /* SceneDelegate.swift */,
			);
			path = Application;
			sourceTree = "<group>";
		};
		BDCEFBB028B13E9500EE0439 /* Resource */ = {
			isa = PBXGroup;
			children = (
				BDF5576D28B4ECA400017349 /* Fonts */,
				BDCEFBA428B13BB300EE0439 /* Assets.xcassets */,
				BDCEFBA628B13BB300EE0439 /* LaunchScreen.storyboard */,
			);
			path = Resource;
			sourceTree = "<group>";
		};
		BDCEFBB128B13EAC00EE0439 /* Configuration */ = {
			isa = PBXGroup;
			children = (
				BDCEFBA928B13BB300EE0439 /* Info.plist */,
			);
			path = Configuration;
			sourceTree = "<group>";
		};
		BDCEFBB228B13F9A00EE0439 /* Presentation */ = {
			isa = PBXGroup;
			children = (
				BD54CC6428BB9788006C737F /* Search */,
				BDB2F11128BB46A20076BA39 /* TabBar */,
				BD3D167928B6785600C24BA2 /* Setting */,
				BD117D1828B4553800A103FA /* List */,
				BD14BCCB28B2834600D8C29C /* Photo Search */,
				BD117D0528B3C81D00A103FA /* Write */,
			);
			path = Presentation;
			sourceTree = "<group>";
		};
		BDF5576D28B4ECA400017349 /* Fonts */ = {
			isa = PBXGroup;
			children = (
				BDF5576E28B4ECB400017349 /* GamjaFlower-Regular.ttf */,
			);
			path = Fonts;
			sourceTree = "<group>";
		};
/* End PBXGroup section */

/* Begin PBXHeadersBuildPhase section */
		BD14BCD328B2847A00D8C29C /* Headers */ = {
			isa = PBXHeadersBuildPhase;
			buildActionMask = 2147483647;
			files = (
				BD14BCDB28B2847A00D8C29C /* DDAK_Core.h in Headers */,
			);
			runOnlyForDeploymentPostprocessing = 0;
		};
		BD14BCFB28B29E0200D8C29C /* Headers */ = {
			isa = PBXHeadersBuildPhase;
			buildActionMask = 2147483647;
			files = (
				BD14BD0328B29E0200D8C29C /* DDAK_Network.h in Headers */,
			);
			runOnlyForDeploymentPostprocessing = 0;
		};
/* End PBXHeadersBuildPhase section */

/* Begin PBXNativeTarget section */
		BD14BCD728B2847A00D8C29C /* DDAK-Core */ = {
			isa = PBXNativeTarget;
			buildConfigurationList = BD14BCE128B2847A00D8C29C /* Build configuration list for PBXNativeTarget "DDAK-Core" */;
			buildPhases = (
				BD14BCD328B2847A00D8C29C /* Headers */,
				BD14BCD428B2847A00D8C29C /* Sources */,
				BD14BCD528B2847A00D8C29C /* Frameworks */,
				BD14BCD628B2847A00D8C29C /* Resources */,
			);
			buildRules = (
			);
			dependencies = (
			);
			name = "DDAK-Core";
			packageProductDependencies = (
				BDF5577028B4FE2100017349 /* Then */,
			);
			productName = "DDAK-Core";
			productReference = BD14BCD828B2847A00D8C29C /* DDAK_Core.framework */;
			productType = "com.apple.product-type.framework";
		};
		BD14BCFF28B29E0200D8C29C /* DDAK-Network */ = {
			isa = PBXNativeTarget;
			buildConfigurationList = BD14BD0A28B29E0200D8C29C /* Build configuration list for PBXNativeTarget "DDAK-Network" */;
			buildPhases = (
				BD14BCFB28B29E0200D8C29C /* Headers */,
				BD14BCFC28B29E0200D8C29C /* Sources */,
				BD14BCFD28B29E0200D8C29C /* Frameworks */,
				BD14BCFE28B29E0200D8C29C /* Resources */,
			);
			buildRules = (
			);
			dependencies = (
			);
			name = "DDAK-Network";
			packageProductDependencies = (
				BD117CDB28B3072E00A103FA /* SwiftyJSON */,
				BD117CDD28B3074800A103FA /* Alamofire */,
			);
			productName = "DDAK-Network";
			productReference = BD14BD0028B29E0200D8C29C /* DDAK_Network.framework */;
			productType = "com.apple.product-type.framework";
		};
		BDCEFB9728B13BB100EE0439 /* DDAK */ = {
			isa = PBXNativeTarget;
			buildConfigurationList = BDCEFBAC28B13BB300EE0439 /* Build configuration list for PBXNativeTarget "DDAK" */;
			buildPhases = (
				BDCEFB9428B13BB100EE0439 /* Sources */,
				BDCEFB9528B13BB100EE0439 /* Frameworks */,
				BDCEFB9628B13BB100EE0439 /* Resources */,
				BD14BCDF28B2847A00D8C29C /* Embed Frameworks */,
			);
			buildRules = (
			);
			dependencies = (
				BD14BCDD28B2847A00D8C29C /* PBXTargetDependency */,
				BD14BD0528B29E0200D8C29C /* PBXTargetDependency */,
			);
			name = DDAK;
			packageProductDependencies = (
				BDCEFBB428B1400200EE0439 /* SnapKit */,
				BDCEFBB728B1400F00EE0439 /* Then */,
				BDCEFBBA28B1401F00EE0439 /* ReactorKit */,
				BDCEFBBD28B140E400EE0439 /* RxCocoa */,
				BD117CCD28B3042400A103FA /* Alamofire */,
				BD117CD028B3043200A103FA /* Kingfisher */,
				BD117CD328B304A400A103FA /* SwiftyJSON */,
				BD117D0C28B3EE8800A103FA /* Realm */,
				BD117D0E28B3EE8800A103FA /* RealmSwift */,
				BDF2E58828B7016F008EF3BA /* Zip */,
				BDE58C5928B863EB0059DF0A /* FSCalendar */,
			);
			productName = DDAK;
			productReference = BDCEFB9828B13BB100EE0439 /* DDAK.app */;
			productType = "com.apple.product-type.application";
		};
/* End PBXNativeTarget section */

/* Begin PBXProject section */
		BDCEFB9028B13BB100EE0439 /* Project object */ = {
			isa = PBXProject;
			attributes = {
				BuildIndependentTargetsInParallel = 1;
				LastSwiftUpdateCheck = 1340;
				LastUpgradeCheck = 1340;
				TargetAttributes = {
					BD14BCD728B2847A00D8C29C = {
						CreatedOnToolsVersion = 13.4.1;
						LastSwiftMigration = 1340;
					};
					BD14BCFF28B29E0200D8C29C = {
						CreatedOnToolsVersion = 13.4.1;
						LastSwiftMigration = 1340;
					};
					BDCEFB9728B13BB100EE0439 = {
						CreatedOnToolsVersion = 13.4.1;
					};
				};
			};
			buildConfigurationList = BDCEFB9328B13BB100EE0439 /* Build configuration list for PBXProject "DDAK" */;
			compatibilityVersion = "Xcode 13.0";
			developmentRegion = en;
			hasScannedForEncodings = 0;
			knownRegions = (
				en,
				Base,
			);
			mainGroup = BDCEFB8F28B13BB100EE0439;
			packageReferences = (
				BDCEFBB328B1400200EE0439 /* XCRemoteSwiftPackageReference "SnapKit" */,
				BDCEFBB628B1400F00EE0439 /* XCRemoteSwiftPackageReference "Then" */,
				BDCEFBB928B1401F00EE0439 /* XCRemoteSwiftPackageReference "ReactorKit" */,
				BDCEFBBC28B140E400EE0439 /* XCRemoteSwiftPackageReference "RxSwift" */,
				BD117CCC28B3042400A103FA /* XCRemoteSwiftPackageReference "Alamofire" */,
				BD117CCF28B3043200A103FA /* XCRemoteSwiftPackageReference "Kingfisher" */,
				BD117CD228B304A400A103FA /* XCRemoteSwiftPackageReference "SwiftyJSON" */,
				BD117D0B28B3EE8800A103FA /* XCRemoteSwiftPackageReference "realm-swift" */,
				BDF2E58728B7016F008EF3BA /* XCRemoteSwiftPackageReference "Zip" */,
				BDE58C5828B863EB0059DF0A /* XCRemoteSwiftPackageReference "FSCalendar" */,
			);
			productRefGroup = BDCEFB9928B13BB100EE0439 /* Products */;
			projectDirPath = "";
			projectRoot = "";
			targets = (
				BDCEFB9728B13BB100EE0439 /* DDAK */,
				BD14BCD728B2847A00D8C29C /* DDAK-Core */,
				BD14BCFF28B29E0200D8C29C /* DDAK-Network */,
			);
		};
/* End PBXProject section */

/* Begin PBXResourcesBuildPhase section */
		BD14BCD628B2847A00D8C29C /* Resources */ = {
			isa = PBXResourcesBuildPhase;
			buildActionMask = 2147483647;
			files = (
			);
			runOnlyForDeploymentPostprocessing = 0;
		};
		BD14BCFE28B29E0200D8C29C /* Resources */ = {
			isa = PBXResourcesBuildPhase;
			buildActionMask = 2147483647;
			files = (
			);
			runOnlyForDeploymentPostprocessing = 0;
		};
		BDCEFB9628B13BB100EE0439 /* Resources */ = {
			isa = PBXResourcesBuildPhase;
			buildActionMask = 2147483647;
			files = (
				BDF5576F28B4ECB400017349 /* GamjaFlower-Regular.ttf in Resources */,
				BDCEFBA828B13BB300EE0439 /* LaunchScreen.storyboard in Resources */,
				BDCEFBA528B13BB300EE0439 /* Assets.xcassets in Resources */,
			);
			runOnlyForDeploymentPostprocessing = 0;
		};
/* End PBXResourcesBuildPhase section */

/* Begin PBXSourcesBuildPhase section */
		BD14BCD428B2847A00D8C29C /* Sources */ = {
			isa = PBXSourcesBuildPhase;
			buildActionMask = 2147483647;
			files = (
				BD14BCF928B28E5600D8C29C /* BaseTableViewCell.swift in Sources */,
				BD14BCF528B28DCF00D8C29C /* Reusable.swift in Sources */,
				BD14BCF728B28E4F00D8C29C /* BaseCollectionViewCell.swift in Sources */,
				BD14BCE628B284A500D8C29C /* BaseView.swift in Sources */,
				BD14BCEA28B2852A00D8C29C /* Logger.swift in Sources */,
				BD117D1628B3F55C00A103FA /* UIViewController+.swift in Sources */,
				BD14BCED28B2854300D8C29C /* String+.swift in Sources */,
				BD14BCE828B284AB00D8C29C /* BaseViewController.swift in Sources */,
				BD14BCF028B289DD00D8C29C /* UIView+.swift in Sources */,
			);
			runOnlyForDeploymentPostprocessing = 0;
		};
		BD14BCFC28B29E0200D8C29C /* Sources */ = {
			isa = PBXSourcesBuildPhase;
			buildActionMask = 2147483647;
			files = (
				BD14BD1428B2A36500D8C29C /* APIKeys.swift in Sources */,
				BD14BD1128B2A01400D8C29C /* EndPoint.swift in Sources */,
				BD14BD0D28B29ECA00D8C29C /* NetworkEnvironment.swift in Sources */,
				BD117CD728B3056000A103FA /* PhotoAPIManager.swift in Sources */,
			);
			runOnlyForDeploymentPostprocessing = 0;
		};
		BDCEFB9428B13BB100EE0439 /* Sources */ = {
			isa = PBXSourcesBuildPhase;
			buildActionMask = 2147483647;
			files = (
				BD14BCD028B283A500D8C29C /* PhotoSearchViewController.swift in Sources */,
				BDCEFB9C28B13BB100EE0439 /* AppDelegate.swift in Sources */,
				BDB2F11328BB46B00076BA39 /* MainTabBarController.swift in Sources */,
				BD54CC6628BB9792006C737F /* SearchViewController.swift in Sources */,
				BDCEFB9E28B13BB100EE0439 /* SceneDelegate.swift in Sources */,
				BD14BCF228B28D7A00D8C29C /* PhotoCell.swift in Sources */,
				BD117D1328B3EF9100A103FA /* Diary.swift in Sources */,
				BDB2F11528BB47320076BA39 /* TabBarItem.swift in Sources */,
				BD14BCD228B2842100D8C29C /* PhotoSearchView.swift in Sources */,
				BD117D0A28B3C84000A103FA /* WriteViewController.swift in Sources */,
				BD54CC6928BB979B006C737F /* SearchView.swift in Sources */,
				BD117D0828B3C83900A103FA /* WriteView.swift in Sources */,
				BD3D167E28B6787A00C24BA2 /* SettingView.swift in Sources */,
				BDA5FD9028FEB59E00B4E3DD /* DDAK.docc in Sources */,
				BD117D1D28B4554A00A103FA /* ListViewController.swift in Sources */,
				BD117D2028B4615D00A103FA /* DiaryCell.swift in Sources */,
				BD117D1B28B4554300A103FA /* ListView.swift in Sources */,
				BD3D167C28B6786600C24BA2 /* SettingViewController.swift in Sources */,
				BDE58C5728B855A30059DF0A /* DiaryRepository.swift in Sources */,
			);
			runOnlyForDeploymentPostprocessing = 0;
		};
/* End PBXSourcesBuildPhase section */

/* Begin PBXTargetDependency section */
		BD14BCDD28B2847A00D8C29C /* PBXTargetDependency */ = {
			isa = PBXTargetDependency;
			target = BD14BCD728B2847A00D8C29C /* DDAK-Core */;
			targetProxy = BD14BCDC28B2847A00D8C29C /* PBXContainerItemProxy */;
		};
		BD14BD0528B29E0200D8C29C /* PBXTargetDependency */ = {
			isa = PBXTargetDependency;
			target = BD14BCFF28B29E0200D8C29C /* DDAK-Network */;
			targetProxy = BD14BD0428B29E0200D8C29C /* PBXContainerItemProxy */;
		};
/* End PBXTargetDependency section */

/* Begin PBXVariantGroup section */
		BDCEFBA628B13BB300EE0439 /* LaunchScreen.storyboard */ = {
			isa = PBXVariantGroup;
			children = (
				BDCEFBA728B13BB300EE0439 /* Base */,
			);
			name = LaunchScreen.storyboard;
			sourceTree = "<group>";
		};
/* End PBXVariantGroup section */

/* Begin XCBuildConfiguration section */
		BD14BCE228B2847A00D8C29C /* Debug */ = {
			isa = XCBuildConfiguration;
			buildSettings = {
				CLANG_ENABLE_MODULES = YES;
				CODE_SIGN_STYLE = Automatic;
				CURRENT_PROJECT_VERSION = 1;
				DEFINES_MODULE = YES;
				DEVELOPMENT_TEAM = W7P3R7ZL78;
				DYLIB_COMPATIBILITY_VERSION = 1;
				DYLIB_CURRENT_VERSION = 1;
				DYLIB_INSTALL_NAME_BASE = "@rpath";
				GENERATE_INFOPLIST_FILE = YES;
				INFOPLIST_KEY_NSHumanReadableCopyright = "";
				INSTALL_PATH = "$(LOCAL_LIBRARY_DIR)/Frameworks";
				IPHONEOS_DEPLOYMENT_TARGET = 15.0;
				LD_RUNPATH_SEARCH_PATHS = (
					"$(inherited)",
					"@executable_path/Frameworks",
					"@loader_path/Frameworks",
				);
				MARKETING_VERSION = 1.0;
				PRODUCT_BUNDLE_IDENTIFIER = "com.taekki.DDAK-Core";
				PRODUCT_NAME = "$(TARGET_NAME:c99extidentifier)";
				SKIP_INSTALL = YES;
				SUPPORTS_MACCATALYST = NO;
				SWIFT_EMIT_LOC_STRINGS = YES;
				SWIFT_OPTIMIZATION_LEVEL = "-Onone";
				SWIFT_VERSION = 5.0;
				TARGETED_DEVICE_FAMILY = 1;
				VERSIONING_SYSTEM = "apple-generic";
				VERSION_INFO_PREFIX = "";
			};
			name = Debug;
		};
		BD14BCE328B2847A00D8C29C /* Release */ = {
			isa = XCBuildConfiguration;
			buildSettings = {
				CLANG_ENABLE_MODULES = YES;
				CODE_SIGN_STYLE = Automatic;
				CURRENT_PROJECT_VERSION = 1;
				DEFINES_MODULE = YES;
				DEVELOPMENT_TEAM = W7P3R7ZL78;
				DYLIB_COMPATIBILITY_VERSION = 1;
				DYLIB_CURRENT_VERSION = 1;
				DYLIB_INSTALL_NAME_BASE = "@rpath";
				GENERATE_INFOPLIST_FILE = YES;
				INFOPLIST_KEY_NSHumanReadableCopyright = "";
				INSTALL_PATH = "$(LOCAL_LIBRARY_DIR)/Frameworks";
				IPHONEOS_DEPLOYMENT_TARGET = 15.0;
				LD_RUNPATH_SEARCH_PATHS = (
					"$(inherited)",
					"@executable_path/Frameworks",
					"@loader_path/Frameworks",
				);
				MARKETING_VERSION = 1.0;
				PRODUCT_BUNDLE_IDENTIFIER = "com.taekki.DDAK-Core";
				PRODUCT_NAME = "$(TARGET_NAME:c99extidentifier)";
				SKIP_INSTALL = YES;
				SUPPORTS_MACCATALYST = NO;
				SWIFT_EMIT_LOC_STRINGS = YES;
				SWIFT_VERSION = 5.0;
				TARGETED_DEVICE_FAMILY = 1;
				VERSIONING_SYSTEM = "apple-generic";
				VERSION_INFO_PREFIX = "";
			};
			name = Release;
		};
		BD14BD0828B29E0200D8C29C /* Debug */ = {
			isa = XCBuildConfiguration;
			buildSettings = {
				CLANG_ENABLE_MODULES = YES;
				CODE_SIGN_STYLE = Automatic;
				CURRENT_PROJECT_VERSION = 1;
				DEFINES_MODULE = YES;
				DEVELOPMENT_TEAM = W7P3R7ZL78;
				DYLIB_COMPATIBILITY_VERSION = 1;
				DYLIB_CURRENT_VERSION = 1;
				DYLIB_INSTALL_NAME_BASE = "@rpath";
				GENERATE_INFOPLIST_FILE = YES;
				INFOPLIST_KEY_NSHumanReadableCopyright = "";
				INSTALL_PATH = "$(LOCAL_LIBRARY_DIR)/Frameworks";
				IPHONEOS_DEPLOYMENT_TARGET = 15.0;
				LD_RUNPATH_SEARCH_PATHS = (
					"$(inherited)",
					"@executable_path/Frameworks",
					"@loader_path/Frameworks",
				);
				MARKETING_VERSION = 1.0;
				PRODUCT_BUNDLE_IDENTIFIER = "com.taekki.DDAK-Network";
				PRODUCT_NAME = "$(TARGET_NAME:c99extidentifier)";
				SKIP_INSTALL = YES;
				SUPPORTS_MACCATALYST = NO;
				SWIFT_EMIT_LOC_STRINGS = YES;
				SWIFT_OPTIMIZATION_LEVEL = "-Onone";
				SWIFT_VERSION = 5.0;
				TARGETED_DEVICE_FAMILY = 1;
				VERSIONING_SYSTEM = "apple-generic";
				VERSION_INFO_PREFIX = "";
			};
			name = Debug;
		};
		BD14BD0928B29E0200D8C29C /* Release */ = {
			isa = XCBuildConfiguration;
			buildSettings = {
				CLANG_ENABLE_MODULES = YES;
				CODE_SIGN_STYLE = Automatic;
				CURRENT_PROJECT_VERSION = 1;
				DEFINES_MODULE = YES;
				DEVELOPMENT_TEAM = W7P3R7ZL78;
				DYLIB_COMPATIBILITY_VERSION = 1;
				DYLIB_CURRENT_VERSION = 1;
				DYLIB_INSTALL_NAME_BASE = "@rpath";
				GENERATE_INFOPLIST_FILE = YES;
				INFOPLIST_KEY_NSHumanReadableCopyright = "";
				INSTALL_PATH = "$(LOCAL_LIBRARY_DIR)/Frameworks";
				IPHONEOS_DEPLOYMENT_TARGET = 15.0;
				LD_RUNPATH_SEARCH_PATHS = (
					"$(inherited)",
					"@executable_path/Frameworks",
					"@loader_path/Frameworks",
				);
				MARKETING_VERSION = 1.0;
				PRODUCT_BUNDLE_IDENTIFIER = "com.taekki.DDAK-Network";
				PRODUCT_NAME = "$(TARGET_NAME:c99extidentifier)";
				SKIP_INSTALL = YES;
				SUPPORTS_MACCATALYST = NO;
				SWIFT_EMIT_LOC_STRINGS = YES;
				SWIFT_VERSION = 5.0;
				TARGETED_DEVICE_FAMILY = 1;
				VERSIONING_SYSTEM = "apple-generic";
				VERSION_INFO_PREFIX = "";
			};
			name = Release;
		};
		BDCEFBAA28B13BB300EE0439 /* Debug */ = {
			isa = XCBuildConfiguration;
			buildSettings = {
				ALWAYS_SEARCH_USER_PATHS = NO;
				CLANG_ANALYZER_NONNULL = YES;
				CLANG_ANALYZER_NUMBER_OBJECT_CONVERSION = YES_AGGRESSIVE;
				CLANG_CXX_LANGUAGE_STANDARD = "gnu++17";
				CLANG_ENABLE_MODULES = YES;
				CLANG_ENABLE_OBJC_ARC = YES;
				CLANG_ENABLE_OBJC_WEAK = YES;
				CLANG_WARN_BLOCK_CAPTURE_AUTORELEASING = YES;
				CLANG_WARN_BOOL_CONVERSION = YES;
				CLANG_WARN_COMMA = YES;
				CLANG_WARN_CONSTANT_CONVERSION = YES;
				CLANG_WARN_DEPRECATED_OBJC_IMPLEMENTATIONS = YES;
				CLANG_WARN_DIRECT_OBJC_ISA_USAGE = YES_ERROR;
				CLANG_WARN_DOCUMENTATION_COMMENTS = YES;
				CLANG_WARN_EMPTY_BODY = YES;
				CLANG_WARN_ENUM_CONVERSION = YES;
				CLANG_WARN_INFINITE_RECURSION = YES;
				CLANG_WARN_INT_CONVERSION = YES;
				CLANG_WARN_NON_LITERAL_NULL_CONVERSION = YES;
				CLANG_WARN_OBJC_IMPLICIT_RETAIN_SELF = YES;
				CLANG_WARN_OBJC_LITERAL_CONVERSION = YES;
				CLANG_WARN_OBJC_ROOT_CLASS = YES_ERROR;
				CLANG_WARN_QUOTED_INCLUDE_IN_FRAMEWORK_HEADER = YES;
				CLANG_WARN_RANGE_LOOP_ANALYSIS = YES;
				CLANG_WARN_STRICT_PROTOTYPES = YES;
				CLANG_WARN_SUSPICIOUS_MOVE = YES;
				CLANG_WARN_UNGUARDED_AVAILABILITY = YES_AGGRESSIVE;
				CLANG_WARN_UNREACHABLE_CODE = YES;
				CLANG_WARN__DUPLICATE_METHOD_MATCH = YES;
				COPY_PHASE_STRIP = NO;
				DEBUG_INFORMATION_FORMAT = dwarf;
				ENABLE_STRICT_OBJC_MSGSEND = YES;
				ENABLE_TESTABILITY = YES;
				GCC_C_LANGUAGE_STANDARD = gnu11;
				GCC_DYNAMIC_NO_PIC = NO;
				GCC_NO_COMMON_BLOCKS = YES;
				GCC_OPTIMIZATION_LEVEL = 0;
				GCC_PREPROCESSOR_DEFINITIONS = (
					"DEBUG=1",
					"$(inherited)",
				);
				GCC_WARN_64_TO_32_BIT_CONVERSION = YES;
				GCC_WARN_ABOUT_RETURN_TYPE = YES_ERROR;
				GCC_WARN_UNDECLARED_SELECTOR = YES;
				GCC_WARN_UNINITIALIZED_AUTOS = YES_AGGRESSIVE;
				GCC_WARN_UNUSED_FUNCTION = YES;
				GCC_WARN_UNUSED_VARIABLE = YES;
				IPHONEOS_DEPLOYMENT_TARGET = 15.0;
				MTL_ENABLE_DEBUG_INFO = INCLUDE_SOURCE;
				MTL_FAST_MATH = YES;
				ONLY_ACTIVE_ARCH = YES;
				SDKROOT = iphoneos;
				SWIFT_ACTIVE_COMPILATION_CONDITIONS = DEBUG;
				SWIFT_OPTIMIZATION_LEVEL = "-Onone";
			};
			name = Debug;
		};
		BDCEFBAB28B13BB300EE0439 /* Release */ = {
			isa = XCBuildConfiguration;
			buildSettings = {
				ALWAYS_SEARCH_USER_PATHS = NO;
				CLANG_ANALYZER_NONNULL = YES;
				CLANG_ANALYZER_NUMBER_OBJECT_CONVERSION = YES_AGGRESSIVE;
				CLANG_CXX_LANGUAGE_STANDARD = "gnu++17";
				CLANG_ENABLE_MODULES = YES;
				CLANG_ENABLE_OBJC_ARC = YES;
				CLANG_ENABLE_OBJC_WEAK = YES;
				CLANG_WARN_BLOCK_CAPTURE_AUTORELEASING = YES;
				CLANG_WARN_BOOL_CONVERSION = YES;
				CLANG_WARN_COMMA = YES;
				CLANG_WARN_CONSTANT_CONVERSION = YES;
				CLANG_WARN_DEPRECATED_OBJC_IMPLEMENTATIONS = YES;
				CLANG_WARN_DIRECT_OBJC_ISA_USAGE = YES_ERROR;
				CLANG_WARN_DOCUMENTATION_COMMENTS = YES;
				CLANG_WARN_EMPTY_BODY = YES;
				CLANG_WARN_ENUM_CONVERSION = YES;
				CLANG_WARN_INFINITE_RECURSION = YES;
				CLANG_WARN_INT_CONVERSION = YES;
				CLANG_WARN_NON_LITERAL_NULL_CONVERSION = YES;
				CLANG_WARN_OBJC_IMPLICIT_RETAIN_SELF = YES;
				CLANG_WARN_OBJC_LITERAL_CONVERSION = YES;
				CLANG_WARN_OBJC_ROOT_CLASS = YES_ERROR;
				CLANG_WARN_QUOTED_INCLUDE_IN_FRAMEWORK_HEADER = YES;
				CLANG_WARN_RANGE_LOOP_ANALYSIS = YES;
				CLANG_WARN_STRICT_PROTOTYPES = YES;
				CLANG_WARN_SUSPICIOUS_MOVE = YES;
				CLANG_WARN_UNGUARDED_AVAILABILITY = YES_AGGRESSIVE;
				CLANG_WARN_UNREACHABLE_CODE = YES;
				CLANG_WARN__DUPLICATE_METHOD_MATCH = YES;
				COPY_PHASE_STRIP = NO;
				DEBUG_INFORMATION_FORMAT = "dwarf-with-dsym";
				ENABLE_NS_ASSERTIONS = NO;
				ENABLE_STRICT_OBJC_MSGSEND = YES;
				GCC_C_LANGUAGE_STANDARD = gnu11;
				GCC_NO_COMMON_BLOCKS = YES;
				GCC_WARN_64_TO_32_BIT_CONVERSION = YES;
				GCC_WARN_ABOUT_RETURN_TYPE = YES_ERROR;
				GCC_WARN_UNDECLARED_SELECTOR = YES;
				GCC_WARN_UNINITIALIZED_AUTOS = YES_AGGRESSIVE;
				GCC_WARN_UNUSED_FUNCTION = YES;
				GCC_WARN_UNUSED_VARIABLE = YES;
				IPHONEOS_DEPLOYMENT_TARGET = 15.0;
				MTL_ENABLE_DEBUG_INFO = NO;
				MTL_FAST_MATH = YES;
				SDKROOT = iphoneos;
				SWIFT_COMPILATION_MODE = wholemodule;
				SWIFT_OPTIMIZATION_LEVEL = "-O";
				VALIDATE_PRODUCT = YES;
			};
			name = Release;
		};
		BDCEFBAD28B13BB300EE0439 /* Debug */ = {
			isa = XCBuildConfiguration;
			buildSettings = {
				ALWAYS_EMBED_SWIFT_STANDARD_LIBRARIES = YES;
				ASSETCATALOG_COMPILER_APPICON_NAME = AppIcon;
				ASSETCATALOG_COMPILER_GLOBAL_ACCENT_COLOR_NAME = AccentColor;
				CODE_SIGN_IDENTITY = "Apple Development";
				CODE_SIGN_STYLE = Automatic;
				CURRENT_PROJECT_VERSION = 1;
				DEVELOPMENT_TEAM = W7P3R7ZL78;
				GENERATE_INFOPLIST_FILE = YES;
				INFOPLIST_FILE = DDAK/Configuration/Info.plist;
				INFOPLIST_KEY_UIApplicationSupportsIndirectInputEvents = YES;
				INFOPLIST_KEY_UILaunchStoryboardName = LaunchScreen;
				INFOPLIST_KEY_UISupportedInterfaceOrientations = UIInterfaceOrientationPortrait;
				INFOPLIST_KEY_UISupportedInterfaceOrientations_iPad = "UIInterfaceOrientationPortrait UIInterfaceOrientationPortraitUpsideDown UIInterfaceOrientationLandscapeLeft UIInterfaceOrientationLandscapeRight";
				INFOPLIST_KEY_UISupportedInterfaceOrientations_iPhone = UIInterfaceOrientationPortrait;
				LD_RUNPATH_SEARCH_PATHS = (
					"$(inherited)",
					"@executable_path/Frameworks",
				);
				MARKETING_VERSION = 1.0;
				PRODUCT_BUNDLE_IDENTIFIER = com.taekki.DDAK;
				PRODUCT_NAME = "$(TARGET_NAME)";
				PROVISIONING_PROFILE_SPECIFIER = "";
				SWIFT_EMIT_LOC_STRINGS = YES;
				SWIFT_VERSION = 5.0;
				TARGETED_DEVICE_FAMILY = 1;
			};
			name = Debug;
		};
		BDCEFBAE28B13BB300EE0439 /* Release */ = {
			isa = XCBuildConfiguration;
			buildSettings = {
				ALWAYS_EMBED_SWIFT_STANDARD_LIBRARIES = YES;
				ASSETCATALOG_COMPILER_APPICON_NAME = AppIcon;
				ASSETCATALOG_COMPILER_GLOBAL_ACCENT_COLOR_NAME = AccentColor;
				CODE_SIGN_IDENTITY = "Apple Development";
				CODE_SIGN_STYLE = Automatic;
				CURRENT_PROJECT_VERSION = 1;
				DEVELOPMENT_TEAM = W7P3R7ZL78;
				GENERATE_INFOPLIST_FILE = YES;
				INFOPLIST_FILE = DDAK/Configuration/Info.plist;
				INFOPLIST_KEY_UIApplicationSupportsIndirectInputEvents = YES;
				INFOPLIST_KEY_UILaunchStoryboardName = LaunchScreen;
				INFOPLIST_KEY_UISupportedInterfaceOrientations = UIInterfaceOrientationPortrait;
				INFOPLIST_KEY_UISupportedInterfaceOrientations_iPad = "UIInterfaceOrientationPortrait UIInterfaceOrientationPortraitUpsideDown UIInterfaceOrientationLandscapeLeft UIInterfaceOrientationLandscapeRight";
				INFOPLIST_KEY_UISupportedInterfaceOrientations_iPhone = UIInterfaceOrientationPortrait;
				LD_RUNPATH_SEARCH_PATHS = (
					"$(inherited)",
					"@executable_path/Frameworks",
				);
				MARKETING_VERSION = 1.0;
				PRODUCT_BUNDLE_IDENTIFIER = com.taekki.DDAK;
				PRODUCT_NAME = "$(TARGET_NAME)";
				PROVISIONING_PROFILE_SPECIFIER = "";
				SWIFT_EMIT_LOC_STRINGS = YES;
				SWIFT_VERSION = 5.0;
				TARGETED_DEVICE_FAMILY = 1;
			};
			name = Release;
		};
/* End XCBuildConfiguration section */

/* Begin XCConfigurationList section */
		BD14BCE128B2847A00D8C29C /* Build configuration list for PBXNativeTarget "DDAK-Core" */ = {
			isa = XCConfigurationList;
			buildConfigurations = (
				BD14BCE228B2847A00D8C29C /* Debug */,
				BD14BCE328B2847A00D8C29C /* Release */,
			);
			defaultConfigurationIsVisible = 0;
			defaultConfigurationName = Release;
		};
		BD14BD0A28B29E0200D8C29C /* Build configuration list for PBXNativeTarget "DDAK-Network" */ = {
			isa = XCConfigurationList;
			buildConfigurations = (
				BD14BD0828B29E0200D8C29C /* Debug */,
				BD14BD0928B29E0200D8C29C /* Release */,
			);
			defaultConfigurationIsVisible = 0;
			defaultConfigurationName = Release;
		};
		BDCEFB9328B13BB100EE0439 /* Build configuration list for PBXProject "DDAK" */ = {
			isa = XCConfigurationList;
			buildConfigurations = (
				BDCEFBAA28B13BB300EE0439 /* Debug */,
				BDCEFBAB28B13BB300EE0439 /* Release */,
			);
			defaultConfigurationIsVisible = 0;
			defaultConfigurationName = Release;
		};
		BDCEFBAC28B13BB300EE0439 /* Build configuration list for PBXNativeTarget "DDAK" */ = {
			isa = XCConfigurationList;
			buildConfigurations = (
				BDCEFBAD28B13BB300EE0439 /* Debug */,
				BDCEFBAE28B13BB300EE0439 /* Release */,
			);
			defaultConfigurationIsVisible = 0;
			defaultConfigurationName = Release;
		};
/* End XCConfigurationList section */

/* Begin XCRemoteSwiftPackageReference section */
		BD117CCC28B3042400A103FA /* XCRemoteSwiftPackageReference "Alamofire" */ = {
			isa = XCRemoteSwiftPackageReference;
			repositoryURL = "https://github.com/Alamofire/Alamofire";
			requirement = {
				kind = upToNextMajorVersion;
				minimumVersion = 5.0.0;
			};
		};
		BD117CCF28B3043200A103FA /* XCRemoteSwiftPackageReference "Kingfisher" */ = {
			isa = XCRemoteSwiftPackageReference;
			repositoryURL = "https://github.com/onevcat/Kingfisher.git";
			requirement = {
				kind = upToNextMajorVersion;
				minimumVersion = 7.0.0;
			};
		};
		BD117CD228B304A400A103FA /* XCRemoteSwiftPackageReference "SwiftyJSON" */ = {
			isa = XCRemoteSwiftPackageReference;
			repositoryURL = "https://github.com/SwiftyJSON/SwiftyJSON";
			requirement = {
				kind = upToNextMajorVersion;
				minimumVersion = 5.0.0;
			};
		};
		BD117D0B28B3EE8800A103FA /* XCRemoteSwiftPackageReference "realm-swift" */ = {
			isa = XCRemoteSwiftPackageReference;
			repositoryURL = "https://github.com/realm/realm-swift.git";
			requirement = {
				kind = upToNextMajorVersion;
				minimumVersion = 10.0.0;
			};
		};
		BDCEFBB328B1400200EE0439 /* XCRemoteSwiftPackageReference "SnapKit" */ = {
			isa = XCRemoteSwiftPackageReference;
			repositoryURL = "https://github.com/SnapKit/SnapKit.git";
			requirement = {
				kind = upToNextMajorVersion;
				minimumVersion = 5.0.0;
			};
		};
		BDCEFBB628B1400F00EE0439 /* XCRemoteSwiftPackageReference "Then" */ = {
			isa = XCRemoteSwiftPackageReference;
			repositoryURL = "https://github.com/devxoul/Then.git";
			requirement = {
				kind = upToNextMajorVersion;
				minimumVersion = 3.0.0;
			};
		};
		BDCEFBB928B1401F00EE0439 /* XCRemoteSwiftPackageReference "ReactorKit" */ = {
			isa = XCRemoteSwiftPackageReference;
			repositoryURL = "https://github.com/ReactorKit/ReactorKit.git";
			requirement = {
				kind = upToNextMajorVersion;
				minimumVersion = 3.0.0;
			};
		};
		BDCEFBBC28B140E400EE0439 /* XCRemoteSwiftPackageReference "RxSwift" */ = {
			isa = XCRemoteSwiftPackageReference;
			repositoryURL = "https://github.com/ReactiveX/RxSwift.git";
			requirement = {
				kind = upToNextMajorVersion;
				minimumVersion = 6.0.0;
			};
		};
		BDE58C5828B863EB0059DF0A /* XCRemoteSwiftPackageReference "FSCalendar" */ = {
			isa = XCRemoteSwiftPackageReference;
			repositoryURL = "https://github.com/WenchaoD/FSCalendar.git";
			requirement = {
				kind = upToNextMajorVersion;
				minimumVersion = 2.0.0;
			};
		};
		BDF2E58728B7016F008EF3BA /* XCRemoteSwiftPackageReference "Zip" */ = {
			isa = XCRemoteSwiftPackageReference;
			repositoryURL = "https://github.com/marmelroy/Zip.git";
			requirement = {
				kind = upToNextMajorVersion;
				minimumVersion = 2.0.0;
			};
		};
/* End XCRemoteSwiftPackageReference section */

/* Begin XCSwiftPackageProductDependency section */
		BD117CCD28B3042400A103FA /* Alamofire */ = {
			isa = XCSwiftPackageProductDependency;
			package = BD117CCC28B3042400A103FA /* XCRemoteSwiftPackageReference "Alamofire" */;
			productName = Alamofire;
		};
		BD117CD028B3043200A103FA /* Kingfisher */ = {
			isa = XCSwiftPackageProductDependency;
			package = BD117CCF28B3043200A103FA /* XCRemoteSwiftPackageReference "Kingfisher" */;
			productName = Kingfisher;
		};
		BD117CD328B304A400A103FA /* SwiftyJSON */ = {
			isa = XCSwiftPackageProductDependency;
			package = BD117CD228B304A400A103FA /* XCRemoteSwiftPackageReference "SwiftyJSON" */;
			productName = SwiftyJSON;
		};
		BD117CDB28B3072E00A103FA /* SwiftyJSON */ = {
			isa = XCSwiftPackageProductDependency;
			package = BD117CD228B304A400A103FA /* XCRemoteSwiftPackageReference "SwiftyJSON" */;
			productName = SwiftyJSON;
		};
		BD117CDD28B3074800A103FA /* Alamofire */ = {
			isa = XCSwiftPackageProductDependency;
			package = BD117CCC28B3042400A103FA /* XCRemoteSwiftPackageReference "Alamofire" */;
			productName = Alamofire;
		};
		BD117D0C28B3EE8800A103FA /* Realm */ = {
			isa = XCSwiftPackageProductDependency;
			package = BD117D0B28B3EE8800A103FA /* XCRemoteSwiftPackageReference "realm-swift" */;
			productName = Realm;
		};
		BD117D0E28B3EE8800A103FA /* RealmSwift */ = {
			isa = XCSwiftPackageProductDependency;
			package = BD117D0B28B3EE8800A103FA /* XCRemoteSwiftPackageReference "realm-swift" */;
			productName = RealmSwift;
		};
		BDCEFBB428B1400200EE0439 /* SnapKit */ = {
			isa = XCSwiftPackageProductDependency;
			package = BDCEFBB328B1400200EE0439 /* XCRemoteSwiftPackageReference "SnapKit" */;
			productName = SnapKit;
		};
		BDCEFBB728B1400F00EE0439 /* Then */ = {
			isa = XCSwiftPackageProductDependency;
			package = BDCEFBB628B1400F00EE0439 /* XCRemoteSwiftPackageReference "Then" */;
			productName = Then;
		};
		BDCEFBBA28B1401F00EE0439 /* ReactorKit */ = {
			isa = XCSwiftPackageProductDependency;
			package = BDCEFBB928B1401F00EE0439 /* XCRemoteSwiftPackageReference "ReactorKit" */;
			productName = ReactorKit;
		};
		BDCEFBBD28B140E400EE0439 /* RxCocoa */ = {
			isa = XCSwiftPackageProductDependency;
			package = BDCEFBBC28B140E400EE0439 /* XCRemoteSwiftPackageReference "RxSwift" */;
			productName = RxCocoa;
		};
		BDE58C5928B863EB0059DF0A /* FSCalendar */ = {
			isa = XCSwiftPackageProductDependency;
			package = BDE58C5828B863EB0059DF0A /* XCRemoteSwiftPackageReference "FSCalendar" */;
			productName = FSCalendar;
		};
		BDF2E58828B7016F008EF3BA /* Zip */ = {
			isa = XCSwiftPackageProductDependency;
			package = BDF2E58728B7016F008EF3BA /* XCRemoteSwiftPackageReference "Zip" */;
			productName = Zip;
		};
		BDF5577028B4FE2100017349 /* Then */ = {
			isa = XCSwiftPackageProductDependency;
			package = BDCEFBB628B1400F00EE0439 /* XCRemoteSwiftPackageReference "Then" */;
			productName = Then;
		};
/* End XCSwiftPackageProductDependency section */
	};
	rootObject = BDCEFB9028B13BB100EE0439 /* Project object */;
}
